
Microsoft Visual Studio Solution File, Format Version 12.00
# Visual Studio Version 17
VisualStudioVersion = 17.9.34616.47
MinimumVisualStudioVersion = 10.0.40219.1
Project("{FAE04EC0-301F-11D3-BF4B-00C04F79EFBC}") = "Main Mission To Do List", "Main Mission To Do List\Main Mission To Do List.csproj", "{BE43BC39-726E-4634-9382-2ADB97D16615}"
EndProject
Global
	GlobalSection(SolutionConfigurationPlatforms) = preSolution
		Debug|Any CPU = Debug|Any CPU
		Release|Any CPU = Release|Any CPU
	EndGlobalSection
	GlobalSection(ProjectConfigurationPlatforms) = postSolution
		{BE43BC39-726E-4634-9382-2ADB97D16615}.Debug|Any CPU.ActiveCfg = Debug|Any CPU
		{BE43BC39-726E-4634-9382-2ADB97D16615}.Debug|Any CPU.Build.0 = Debug|Any CPU
		{BE43BC39-726E-4634-9382-2ADB97D16615}.Release|Any CPU.ActiveCfg = Release|Any CPU
		{BE43BC39-726E-4634-9382-2ADB97D16615}.Release|Any CPU.Build.0 = Release|Any CPU
	EndGlobalSection
	GlobalSection(SolutionProperties) = preSolution
		HideSolutionNode = FALSE
	EndGlobalSection
	GlobalSection(ExtensibilityGlobals) = postSolution
		SolutionGuid = {3EDA02FE-E99B-43BE-B1A5-E9B4D3EDFD1A}
	EndGlobalSection
EndGlobal
